// !$*UTF8*$!
{
	archiveVersion = 1;
	classes = {
	};
	objectVersion = 46;
	objects = {

/* Begin PBXBuildFile section */
		DF2B49711944025200E9919A /* MCActionDetailViewController.m in Sources */ = {isa = PBXBuildFile; fileRef = DF2B496F1944025200E9919A /* MCActionDetailViewController.m */; };
		DF2B49721944025200E9919A /* MCActionDetailViewController.m in Sources */ = {isa = PBXBuildFile; fileRef = DF2B496F1944025200E9919A /* MCActionDetailViewController.m */; };
		DF2B49731944025200E9919A /* MCActionDetailViewController.xib in Resources */ = {isa = PBXBuildFile; fileRef = DF2B49701944025200E9919A /* MCActionDetailViewController.xib */; };
		DF2B49741944025200E9919A /* MCActionDetailViewController.xib in Resources */ = {isa = PBXBuildFile; fileRef = DF2B49701944025200E9919A /* MCActionDetailViewController.xib */; };
		DF32CD46193F985B001F0DCE /* Foundation.framework in Frameworks */ = {isa = PBXBuildFile; fileRef = DF32CD45193F985B001F0DCE /* Foundation.framework */; };
		DF32CD48193F985B001F0DCE /* CoreGraphics.framework in Frameworks */ = {isa = PBXBuildFile; fileRef = DF32CD47193F985B001F0DCE /* CoreGraphics.framework */; };
		DF32CD4A193F985B001F0DCE /* UIKit.framework in Frameworks */ = {isa = PBXBuildFile; fileRef = DF32CD49193F985B001F0DCE /* UIKit.framework */; };
		DF32CD4C193F985B001F0DCE /* CoreData.framework in Frameworks */ = {isa = PBXBuildFile; fileRef = DF32CD4B193F985B001F0DCE /* CoreData.framework */; };
		DF32CD52193F985B001F0DCE /* InfoPlist.strings in Resources */ = {isa = PBXBuildFile; fileRef = DF32CD50193F985B001F0DCE /* InfoPlist.strings */; };
		DF32CD54193F985B001F0DCE /* main.m in Sources */ = {isa = PBXBuildFile; fileRef = DF32CD53193F985B001F0DCE /* main.m */; };
		DF32CD58193F985B001F0DCE /* MCAppDelegate.m in Sources */ = {isa = PBXBuildFile; fileRef = DF32CD57193F985B001F0DCE /* MCAppDelegate.m */; };
		DF32CD5B193F985B001F0DCE /* Mission_Control.xcdatamodeld in Sources */ = {isa = PBXBuildFile; fileRef = DF32CD59193F985B001F0DCE /* Mission_Control.xcdatamodeld */; };
		DF32CD5D193F985B001F0DCE /* Images.xcassets in Resources */ = {isa = PBXBuildFile; fileRef = DF32CD5C193F985B001F0DCE /* Images.xcassets */; };
		DF32CD64193F985B001F0DCE /* XCTest.framework in Frameworks */ = {isa = PBXBuildFile; fileRef = DF32CD63193F985B001F0DCE /* XCTest.framework */; };
		DF32CD65193F985B001F0DCE /* Foundation.framework in Frameworks */ = {isa = PBXBuildFile; fileRef = DF32CD45193F985B001F0DCE /* Foundation.framework */; };
		DF32CD66193F985B001F0DCE /* UIKit.framework in Frameworks */ = {isa = PBXBuildFile; fileRef = DF32CD49193F985B001F0DCE /* UIKit.framework */; };
		DF32CD67193F985B001F0DCE /* CoreData.framework in Frameworks */ = {isa = PBXBuildFile; fileRef = DF32CD4B193F985B001F0DCE /* CoreData.framework */; };
		DF32CD6F193F985B001F0DCE /* InfoPlist.strings in Resources */ = {isa = PBXBuildFile; fileRef = DF32CD6D193F985B001F0DCE /* InfoPlist.strings */; };
		DF32CD71193F985B001F0DCE /* Mission_ControlTests.m in Sources */ = {isa = PBXBuildFile; fileRef = DF32CD70193F985B001F0DCE /* Mission_ControlTests.m */; };
		DF32CD96193F98CF001F0DCE /* FileHelper.m in Sources */ = {isa = PBXBuildFile; fileRef = DF32CD7D193F98CF001F0DCE /* FileHelper.m */; };
		DF32CD97193F98CF001F0DCE /* FileHelper.m in Sources */ = {isa = PBXBuildFile; fileRef = DF32CD7D193F98CF001F0DCE /* FileHelper.m */; };
		DF32CD98193F98CF001F0DCE /* MCWebServiceInterface.m in Sources */ = {isa = PBXBuildFile; fileRef = DF32CD80193F98CF001F0DCE /* MCWebServiceInterface.m */; };
		DF32CD99193F98CF001F0DCE /* MCWebServiceInterface.m in Sources */ = {isa = PBXBuildFile; fileRef = DF32CD80193F98CF001F0DCE /* MCWebServiceInterface.m */; };
		DF32CD9A193F98CF001F0DCE /* ConnectionManager.m in Sources */ = {isa = PBXBuildFile; fileRef = DF32CD84193F98CF001F0DCE /* ConnectionManager.m */; };
		DF32CD9B193F98CF001F0DCE /* ConnectionManager.m in Sources */ = {isa = PBXBuildFile; fileRef = DF32CD84193F98CF001F0DCE /* ConnectionManager.m */; };
		DF32CD9C193F98CF001F0DCE /* WebServiceInterface.m in Sources */ = {isa = PBXBuildFile; fileRef = DF32CD86193F98CF001F0DCE /* WebServiceInterface.m */; };
		DF32CD9D193F98CF001F0DCE /* WebServiceInterface.m in Sources */ = {isa = PBXBuildFile; fileRef = DF32CD86193F98CF001F0DCE /* WebServiceInterface.m */; };
		DF32CDA0193F98CF001F0DCE /* MCActionStore.m in Sources */ = {isa = PBXBuildFile; fileRef = DF32CD8D193F98CF001F0DCE /* MCActionStore.m */; };
		DF32CDA1193F98CF001F0DCE /* MCActionStore.m in Sources */ = {isa = PBXBuildFile; fileRef = DF32CD8D193F98CF001F0DCE /* MCActionStore.m */; };
		DF32CDA2193F98CF001F0DCE /* MCRootViewController.m in Sources */ = {isa = PBXBuildFile; fileRef = DF32CD91193F98CF001F0DCE /* MCRootViewController.m */; };
		DF32CDA3193F98CF001F0DCE /* MCRootViewController.m in Sources */ = {isa = PBXBuildFile; fileRef = DF32CD91193F98CF001F0DCE /* MCRootViewController.m */; };
		DF32CDA4193F98CF001F0DCE /* MCRootViewController.xib in Resources */ = {isa = PBXBuildFile; fileRef = DF32CD92193F98CF001F0DCE /* MCRootViewController.xib */; };
		DF32CDA5193F98CF001F0DCE /* MCRootViewController.xib in Resources */ = {isa = PBXBuildFile; fileRef = DF32CD92193F98CF001F0DCE /* MCRootViewController.xib */; };
		DF32CDA6193F98CF001F0DCE /* MCSettingsViewController.m in Sources */ = {isa = PBXBuildFile; fileRef = DF32CD95193F98CF001F0DCE /* MCSettingsViewController.m */; };
		DF32CDA7193F98CF001F0DCE /* MCSettingsViewController.m in Sources */ = {isa = PBXBuildFile; fileRef = DF32CD95193F98CF001F0DCE /* MCSettingsViewController.m */; };
		DF32CDB019400B90001F0DCE /* CoreDataManager.m in Sources */ = {isa = PBXBuildFile; fileRef = DF32CDAF19400B90001F0DCE /* CoreDataManager.m */; };
		DF32CDB119400B90001F0DCE /* CoreDataManager.m in Sources */ = {isa = PBXBuildFile; fileRef = DF32CDAF19400B90001F0DCE /* CoreDataManager.m */; };
		DF32CDB519400CB4001F0DCE /* MCAction.m in Sources */ = {isa = PBXBuildFile; fileRef = DF32CDB419400CB4001F0DCE /* MCAction.m */; };
		DF32CDB619400CB4001F0DCE /* MCAction.m in Sources */ = {isa = PBXBuildFile; fileRef = DF32CDB419400CB4001F0DCE /* MCAction.m */; };
/* End PBXBuildFile section */

/* Begin PBXContainerItemProxy section */
		DF32CD68193F985B001F0DCE /* PBXContainerItemProxy */ = {
			isa = PBXContainerItemProxy;
			containerPortal = DF32CD3A193F985B001F0DCE /* Project object */;
			proxyType = 1;
			remoteGlobalIDString = DF32CD41193F985B001F0DCE;
			remoteInfo = "Mission Control";
		};
/* End PBXContainerItemProxy section */

/* Begin PBXFileReference section */
		DF2B496E1944025200E9919A /* MCActionDetailViewController.h */ = {isa = PBXFileReference; fileEncoding = 4; lastKnownFileType = sourcecode.c.h; name = MCActionDetailViewController.h; path = MCNewActionViewController/MCActionDetailViewController.h; sourceTree = "<group>"; };
		DF2B496F1944025200E9919A /* MCActionDetailViewController.m */ = {isa = PBXFileReference; fileEncoding = 4; lastKnownFileType = sourcecode.c.objc; name = MCActionDetailViewController.m; path = MCNewActionViewController/MCActionDetailViewController.m; sourceTree = "<group>"; };
		DF2B49701944025200E9919A /* MCActionDetailViewController.xib */ = {isa = PBXFileReference; fileEncoding = 4; lastKnownFileType = file.xib; name = MCActionDetailViewController.xib; path = MCNewActionViewController/MCActionDetailViewController.xib; sourceTree = "<group>"; };
		DF32CD42193F985B001F0DCE /* Mission Control.app */ = {isa = PBXFileReference; explicitFileType = wrapper.application; includeInIndex = 0; path = "Mission Control.app"; sourceTree = BUILT_PRODUCTS_DIR; };
		DF32CD45193F985B001F0DCE /* Foundation.framework */ = {isa = PBXFileReference; lastKnownFileType = wrapper.framework; name = Foundation.framework; path = System/Library/Frameworks/Foundation.framework; sourceTree = SDKROOT; };
		DF32CD47193F985B001F0DCE /* CoreGraphics.framework */ = {isa = PBXFileReference; lastKnownFileType = wrapper.framework; name = CoreGraphics.framework; path = System/Library/Frameworks/CoreGraphics.framework; sourceTree = SDKROOT; };
		DF32CD49193F985B001F0DCE /* UIKit.framework */ = {isa = PBXFileReference; lastKnownFileType = wrapper.framework; name = UIKit.framework; path = System/Library/Frameworks/UIKit.framework; sourceTree = SDKROOT; };
		DF32CD4B193F985B001F0DCE /* CoreData.framework */ = {isa = PBXFileReference; lastKnownFileType = wrapper.framework; name = CoreData.framework; path = System/Library/Frameworks/CoreData.framework; sourceTree = SDKROOT; };
		DF32CD4F193F985B001F0DCE /* Mission Control-Info.plist */ = {isa = PBXFileReference; lastKnownFileType = text.plist.xml; path = "Mission Control-Info.plist"; sourceTree = "<group>"; };
		DF32CD51193F985B001F0DCE /* en */ = {isa = PBXFileReference; lastKnownFileType = text.plist.strings; name = en; path = en.lproj/InfoPlist.strings; sourceTree = "<group>"; };
		DF32CD53193F985B001F0DCE /* main.m */ = {isa = PBXFileReference; lastKnownFileType = sourcecode.c.objc; path = main.m; sourceTree = "<group>"; };
		DF32CD55193F985B001F0DCE /* Mission Control-Prefix.pch */ = {isa = PBXFileReference; lastKnownFileType = sourcecode.c.h; path = "Mission Control-Prefix.pch"; sourceTree = "<group>"; };
		DF32CD56193F985B001F0DCE /* MCAppDelegate.h */ = {isa = PBXFileReference; lastKnownFileType = sourcecode.c.h; path = MCAppDelegate.h; sourceTree = "<group>"; };
		DF32CD57193F985B001F0DCE /* MCAppDelegate.m */ = {isa = PBXFileReference; lastKnownFileType = sourcecode.c.objc; path = MCAppDelegate.m; sourceTree = "<group>"; };
		DF32CD5A193F985B001F0DCE /* Mission_Control.xcdatamodel */ = {isa = PBXFileReference; lastKnownFileType = wrapper.xcdatamodel; path = Mission_Control.xcdatamodel; sourceTree = "<group>"; };
		DF32CD5C193F985B001F0DCE /* Images.xcassets */ = {isa = PBXFileReference; lastKnownFileType = folder.assetcatalog; path = Images.xcassets; sourceTree = "<group>"; };
		DF32CD62193F985B001F0DCE /* Mission ControlTests.xctest */ = {isa = PBXFileReference; explicitFileType = wrapper.cfbundle; includeInIndex = 0; path = "Mission ControlTests.xctest"; sourceTree = BUILT_PRODUCTS_DIR; };
		DF32CD63193F985B001F0DCE /* XCTest.framework */ = {isa = PBXFileReference; lastKnownFileType = wrapper.framework; name = XCTest.framework; path = Library/Frameworks/XCTest.framework; sourceTree = DEVELOPER_DIR; };
		DF32CD6C193F985B001F0DCE /* Mission ControlTests-Info.plist */ = {isa = PBXFileReference; lastKnownFileType = text.plist.xml; path = "Mission ControlTests-Info.plist"; sourceTree = "<group>"; };
		DF32CD6E193F985B001F0DCE /* en */ = {isa = PBXFileReference; lastKnownFileType = text.plist.strings; name = en; path = en.lproj/InfoPlist.strings; sourceTree = "<group>"; };
		DF32CD70193F985B001F0DCE /* Mission_ControlTests.m */ = {isa = PBXFileReference; lastKnownFileType = sourcecode.c.objc; path = Mission_ControlTests.m; sourceTree = "<group>"; };
		DF32CD7C193F98CF001F0DCE /* FileHelper.h */ = {isa = PBXFileReference; fileEncoding = 4; lastKnownFileType = sourcecode.c.h; path = FileHelper.h; sourceTree = "<group>"; };
		DF32CD7D193F98CF001F0DCE /* FileHelper.m */ = {isa = PBXFileReference; fileEncoding = 4; lastKnownFileType = sourcecode.c.objc; path = FileHelper.m; sourceTree = "<group>"; };
		DF32CD7F193F98CF001F0DCE /* MCWebServiceInterface.h */ = {isa = PBXFileReference; fileEncoding = 4; lastKnownFileType = sourcecode.c.h; path = MCWebServiceInterface.h; sourceTree = "<group>"; };
		DF32CD80193F98CF001F0DCE /* MCWebServiceInterface.m */ = {isa = PBXFileReference; fileEncoding = 4; lastKnownFileType = sourcecode.c.objc; path = MCWebServiceInterface.m; sourceTree = "<group>"; };
		DF32CD83193F98CF001F0DCE /* ConnectionManager.h */ = {isa = PBXFileReference; fileEncoding = 4; lastKnownFileType = sourcecode.c.h; path = ConnectionManager.h; sourceTree = "<group>"; };
		DF32CD84193F98CF001F0DCE /* ConnectionManager.m */ = {isa = PBXFileReference; fileEncoding = 4; lastKnownFileType = sourcecode.c.objc; path = ConnectionManager.m; sourceTree = "<group>"; };
		DF32CD85193F98CF001F0DCE /* WebServiceInterface.h */ = {isa = PBXFileReference; fileEncoding = 4; lastKnownFileType = sourcecode.c.h; path = WebServiceInterface.h; sourceTree = "<group>"; };
		DF32CD86193F98CF001F0DCE /* WebServiceInterface.m */ = {isa = PBXFileReference; fileEncoding = 4; lastKnownFileType = sourcecode.c.objc; path = WebServiceInterface.m; sourceTree = "<group>"; };
		DF32CD8C193F98CF001F0DCE /* MCActionStore.h */ = {isa = PBXFileReference; fileEncoding = 4; lastKnownFileType = sourcecode.c.h; path = MCActionStore.h; sourceTree = "<group>"; };
		DF32CD8D193F98CF001F0DCE /* MCActionStore.m */ = {isa = PBXFileReference; fileEncoding = 4; lastKnownFileType = sourcecode.c.objc; path = MCActionStore.m; sourceTree = "<group>"; };
		DF32CD90193F98CF001F0DCE /* MCRootViewController.h */ = {isa = PBXFileReference; fileEncoding = 4; lastKnownFileType = sourcecode.c.h; path = MCRootViewController.h; sourceTree = "<group>"; };
		DF32CD91193F98CF001F0DCE /* MCRootViewController.m */ = {isa = PBXFileReference; fileEncoding = 4; lastKnownFileType = sourcecode.c.objc; path = MCRootViewController.m; sourceTree = "<group>"; };
		DF32CD92193F98CF001F0DCE /* MCRootViewController.xib */ = {isa = PBXFileReference; fileEncoding = 4; lastKnownFileType = file.xib; path = MCRootViewController.xib; sourceTree = "<group>"; };
		DF32CD94193F98CF001F0DCE /* MCSettingsViewController.h */ = {isa = PBXFileReference; fileEncoding = 4; lastKnownFileType = sourcecode.c.h; path = MCSettingsViewController.h; sourceTree = "<group>"; };
		DF32CD95193F98CF001F0DCE /* MCSettingsViewController.m */ = {isa = PBXFileReference; fileEncoding = 4; lastKnownFileType = sourcecode.c.objc; path = MCSettingsViewController.m; sourceTree = "<group>"; };
		DF32CDAE19400B90001F0DCE /* CoreDataManager.h */ = {isa = PBXFileReference; fileEncoding = 4; lastKnownFileType = sourcecode.c.h; name = CoreDataManager.h; path = "Mission Control/Database/CoreDataManager/CoreDataManager.h"; sourceTree = SOURCE_ROOT; };
		DF32CDAF19400B90001F0DCE /* CoreDataManager.m */ = {isa = PBXFileReference; fileEncoding = 4; lastKnownFileType = sourcecode.c.objc; name = CoreDataManager.m; path = "Mission Control/Database/CoreDataManager/CoreDataManager.m"; sourceTree = SOURCE_ROOT; };
		DF32CDB319400CB4001F0DCE /* MCAction.h */ = {isa = PBXFileReference; fileEncoding = 4; lastKnownFileType = sourcecode.c.h; name = MCAction.h; path = "Mission Control/Model/Managed Objects/MCAction/MCAction.h"; sourceTree = SOURCE_ROOT; };
		DF32CDB419400CB4001F0DCE /* MCAction.m */ = {isa = PBXFileReference; fileEncoding = 4; lastKnownFileType = sourcecode.c.objc; name = MCAction.m; path = "Mission Control/Model/Managed Objects/MCAction/MCAction.m"; sourceTree = SOURCE_ROOT; };
		DFB31FA619531C98001D65E7 /* blink_param.py */ = {isa = PBXFileReference; lastKnownFileType = text.script.python; name = blink_param.py; path = Server/blink_param.py; sourceTree = "<group>"; };
		DFB31FA719531C98001D65E7 /* index_param.php */ = {isa = PBXFileReference; lastKnownFileType = text.script.php; name = index_param.php; path = Server/index_param.php; sourceTree = "<group>"; };
/* End PBXFileReference section */

/* Begin PBXFrameworksBuildPhase section */
		DF32CD3F193F985B001F0DCE /* Frameworks */ = {
			isa = PBXFrameworksBuildPhase;
			buildActionMask = 2147483647;
			files = (
				DF32CD48193F985B001F0DCE /* CoreGraphics.framework in Frameworks */,
				DF32CD4C193F985B001F0DCE /* CoreData.framework in Frameworks */,
				DF32CD4A193F985B001F0DCE /* UIKit.framework in Frameworks */,
				DF32CD46193F985B001F0DCE /* Foundation.framework in Frameworks */,
			);
			runOnlyForDeploymentPostprocessing = 0;
		};
		DF32CD5F193F985B001F0DCE /* Frameworks */ = {
			isa = PBXFrameworksBuildPhase;
			buildActionMask = 2147483647;
			files = (
				DF32CD64193F985B001F0DCE /* XCTest.framework in Frameworks */,
				DF32CD67193F985B001F0DCE /* CoreData.framework in Frameworks */,
				DF32CD66193F985B001F0DCE /* UIKit.framework in Frameworks */,
				DF32CD65193F985B001F0DCE /* Foundation.framework in Frameworks */,
			);
			runOnlyForDeploymentPostprocessing = 0;
		};
/* End PBXFrameworksBuildPhase section */

/* Begin PBXGroup section */
		DF2B496D1944018600E9919A /* MCNewActionViewController */ = {
			isa = PBXGroup;
			children = (
				DF2B496E1944025200E9919A /* MCActionDetailViewController.h */,
				DF2B496F1944025200E9919A /* MCActionDetailViewController.m */,
				DF2B49701944025200E9919A /* MCActionDetailViewController.xib */,
			);
			name = MCNewActionViewController;
			sourceTree = "<group>";
		};
		DF32CD39193F985B001F0DCE = {
			isa = PBXGroup;
			children = (
				DF32CD4D193F985B001F0DCE /* Mission Control */,
				DF32CD6A193F985B001F0DCE /* Mission ControlTests */,
				DF32CD44193F985B001F0DCE /* Frameworks */,
				DF32CD43193F985B001F0DCE /* Products */,
			);
			sourceTree = "<group>";
		};
		DF32CD43193F985B001F0DCE /* Products */ = {
			isa = PBXGroup;
			children = (
				DF32CD42193F985B001F0DCE /* Mission Control.app */,
				DF32CD62193F985B001F0DCE /* Mission ControlTests.xctest */,
			);
			name = Products;
			sourceTree = "<group>";
		};
		DF32CD44193F985B001F0DCE /* Frameworks */ = {
			isa = PBXGroup;
			children = (
				DF32CD45193F985B001F0DCE /* Foundation.framework */,
				DF32CD47193F985B001F0DCE /* CoreGraphics.framework */,
				DF32CD49193F985B001F0DCE /* UIKit.framework */,
				DF32CD4B193F985B001F0DCE /* CoreData.framework */,
				DF32CD63193F985B001F0DCE /* XCTest.framework */,
			);
			name = Frameworks;
			sourceTree = "<group>";
		};
		DF32CD4D193F985B001F0DCE /* Mission Control */ = {
			isa = PBXGroup;
			children = (
				DF32CDA8193F997C001F0DCE /* Database */,
				DF32CD7A193F98CF001F0DCE /* General */,
				DF32CD87193F98CF001F0DCE /* Model */,
				DF32CD8E193F98CF001F0DCE /* View Controllers */,
				DFB31FA519531C30001D65E7 /* Server */,
				DF32CD56193F985B001F0DCE /* MCAppDelegate.h */,
				DF32CD57193F985B001F0DCE /* MCAppDelegate.m */,
				DF32CD5C193F985B001F0DCE /* Images.xcassets */,
				DF32CD4E193F985B001F0DCE /* Supporting Files */,
			);
			path = "Mission Control";
			sourceTree = "<group>";
		};
		DF32CD4E193F985B001F0DCE /* Supporting Files */ = {
			isa = PBXGroup;
			children = (
				DF32CD4F193F985B001F0DCE /* Mission Control-Info.plist */,
				DF32CD50193F985B001F0DCE /* InfoPlist.strings */,
				DF32CD53193F985B001F0DCE /* main.m */,
				DF32CD55193F985B001F0DCE /* Mission Control-Prefix.pch */,
			);
			name = "Supporting Files";
			sourceTree = "<group>";
		};
		DF32CD6A193F985B001F0DCE /* Mission ControlTests */ = {
			isa = PBXGroup;
			children = (
				DF32CD70193F985B001F0DCE /* Mission_ControlTests.m */,
				DF32CD6B193F985B001F0DCE /* Supporting Files */,
			);
			path = "Mission ControlTests";
			sourceTree = "<group>";
		};
		DF32CD6B193F985B001F0DCE /* Supporting Files */ = {
			isa = PBXGroup;
			children = (
				DF32CD6C193F985B001F0DCE /* Mission ControlTests-Info.plist */,
				DF32CD6D193F985B001F0DCE /* InfoPlist.strings */,
			);
			name = "Supporting Files";
			sourceTree = "<group>";
		};
		DF32CD7A193F98CF001F0DCE /* General */ = {
			isa = PBXGroup;
			children = (
				DF32CD7B193F98CF001F0DCE /* FIleHelper */,
				DF32CD7E193F98CF001F0DCE /* MCWebServiceInterface */,
				DF32CD81193F98CF001F0DCE /* WebServiceInterface */,
			);
			path = General;
			sourceTree = "<group>";
		};
		DF32CD7B193F98CF001F0DCE /* FIleHelper */ = {
			isa = PBXGroup;
			children = (
				DF32CD7C193F98CF001F0DCE /* FileHelper.h */,
				DF32CD7D193F98CF001F0DCE /* FileHelper.m */,
			);
			path = FIleHelper;
			sourceTree = "<group>";
		};
		DF32CD7E193F98CF001F0DCE /* MCWebServiceInterface */ = {
			isa = PBXGroup;
			children = (
				DF32CD7F193F98CF001F0DCE /* MCWebServiceInterface.h */,
				DF32CD80193F98CF001F0DCE /* MCWebServiceInterface.m */,
			);
			path = MCWebServiceInterface;
			sourceTree = "<group>";
		};
		DF32CD81193F98CF001F0DCE /* WebServiceInterface */ = {
			isa = PBXGroup;
			children = (
				DF32CD82193F98CF001F0DCE /* ConnectionManager */,
				DF32CD85193F98CF001F0DCE /* WebServiceInterface.h */,
				DF32CD86193F98CF001F0DCE /* WebServiceInterface.m */,
			);
			path = WebServiceInterface;
			sourceTree = "<group>";
		};
		DF32CD82193F98CF001F0DCE /* ConnectionManager */ = {
			isa = PBXGroup;
			children = (
				DF32CD83193F98CF001F0DCE /* ConnectionManager.h */,
				DF32CD84193F98CF001F0DCE /* ConnectionManager.m */,
			);
			path = ConnectionManager;
			sourceTree = "<group>";
		};
		DF32CD87193F98CF001F0DCE /* Model */ = {
			isa = PBXGroup;
			children = (
				DF32CDB219400C70001F0DCE /* Managed Objects */,
				DF32CD8B193F98CF001F0DCE /* MCActionStore */,
			);
			path = Model;
			sourceTree = "<group>";
		};
		DF32CD88193F98CF001F0DCE /* MCAction */ = {
			isa = PBXGroup;
			children = (
				DF32CDB319400CB4001F0DCE /* MCAction.h */,
				DF32CDB419400CB4001F0DCE /* MCAction.m */,
			);
			path = MCAction;
			sourceTree = "<group>";
		};
		DF32CD8B193F98CF001F0DCE /* MCActionStore */ = {
			isa = PBXGroup;
			children = (
				DF32CD8C193F98CF001F0DCE /* MCActionStore.h */,
				DF32CD8D193F98CF001F0DCE /* MCActionStore.m */,
			);
			path = MCActionStore;
			sourceTree = "<group>";
		};
		DF32CD8E193F98CF001F0DCE /* View Controllers */ = {
			isa = PBXGroup;
			children = (
				DF2B496D1944018600E9919A /* MCNewActionViewController */,
				DF32CD8F193F98CF001F0DCE /* MCRootViewController */,
				DF32CD93193F98CF001F0DCE /* MCSettingsViewController */,
			);
			path = "View Controllers";
			sourceTree = "<group>";
		};
		DF32CD8F193F98CF001F0DCE /* MCRootViewController */ = {
			isa = PBXGroup;
			children = (
				DF32CD90193F98CF001F0DCE /* MCRootViewController.h */,
				DF32CD91193F98CF001F0DCE /* MCRootViewController.m */,
				DF32CD92193F98CF001F0DCE /* MCRootViewController.xib */,
			);
			path = MCRootViewController;
			sourceTree = "<group>";
		};
		DF32CD93193F98CF001F0DCE /* MCSettingsViewController */ = {
			isa = PBXGroup;
			children = (
				DF32CD94193F98CF001F0DCE /* MCSettingsViewController.h */,
				DF32CD95193F98CF001F0DCE /* MCSettingsViewController.m */,
			);
			path = MCSettingsViewController;
			sourceTree = "<group>";
		};
		DF32CDA8193F997C001F0DCE /* Database */ = {
			isa = PBXGroup;
			children = (
				DF32CDA9193F9991001F0DCE /* CoreDataManager */,
				DF32CD59193F985B001F0DCE /* Mission_Control.xcdatamodeld */,
			);
			name = Database;
			sourceTree = "<group>";
		};
		DF32CDA9193F9991001F0DCE /* CoreDataManager */ = {
			isa = PBXGroup;
			children = (
				DF32CDAE19400B90001F0DCE /* CoreDataManager.h */,
				DF32CDAF19400B90001F0DCE /* CoreDataManager.m */,
			);
			name = CoreDataManager;
			path = "../../../Mission Control/Mission Control/Database/CoreDataManager";
			sourceTree = "<group>";
		};
		DF32CDB219400C70001F0DCE /* Managed Objects */ = {
			isa = PBXGroup;
			children = (
				DF32CD88193F98CF001F0DCE /* MCAction */,
			);
			name = "Managed Objects";
			sourceTree = "<group>";
		};
		DFB31FA519531C30001D65E7 /* Server */ = {
			isa = PBXGroup;
			children = (
				DFB31FA619531C98001D65E7 /* blink_param.py */,
				DFB31FA719531C98001D65E7 /* index_param.php */,
			);
			name = Server;
			sourceTree = "<group>";
		};
/* End PBXGroup section */

/* Begin PBXNativeTarget section */
		DF32CD41193F985B001F0DCE /* Mission Control */ = {
			isa = PBXNativeTarget;
			buildConfigurationList = DF32CD74193F985B001F0DCE /* Build configuration list for PBXNativeTarget "Mission Control" */;
			buildPhases = (
				DF32CD3E193F985B001F0DCE /* Sources */,
				DF32CD3F193F985B001F0DCE /* Frameworks */,
				DF32CD40193F985B001F0DCE /* Resources */,
			);
			buildRules = (
			);
			dependencies = (
			);
			name = "Mission Control";
			productName = "Mission Control";
			productReference = DF32CD42193F985B001F0DCE /* Mission Control.app */;
			productType = "com.apple.product-type.application";
		};
		DF32CD61193F985B001F0DCE /* Mission ControlTests */ = {
			isa = PBXNativeTarget;
			buildConfigurationList = DF32CD77193F985B001F0DCE /* Build configuration list for PBXNativeTarget "Mission ControlTests" */;
			buildPhases = (
				DF32CD5E193F985B001F0DCE /* Sources */,
				DF32CD5F193F985B001F0DCE /* Frameworks */,
				DF32CD60193F985B001F0DCE /* Resources */,
			);
			buildRules = (
			);
			dependencies = (
				DF32CD69193F985B001F0DCE /* PBXTargetDependency */,
			);
			name = "Mission ControlTests";
			productName = "Mission ControlTests";
			productReference = DF32CD62193F985B001F0DCE /* Mission ControlTests.xctest */;
			productType = "com.apple.product-type.bundle.unit-test";
		};
/* End PBXNativeTarget section */

/* Begin PBXProject section */
		DF32CD3A193F985B001F0DCE /* Project object */ = {
			isa = PBXProject;
			attributes = {
				CLASSPREFIX = MC;
				LastUpgradeCheck = 0510;
				ORGANIZATIONNAME = "Jeremy Cartee";
				TargetAttributes = {
					DF32CD61193F985B001F0DCE = {
						TestTargetID = DF32CD41193F985B001F0DCE;
					};
				};
			};
			buildConfigurationList = DF32CD3D193F985B001F0DCE /* Build configuration list for PBXProject "Mission Control" */;
			compatibilityVersion = "Xcode 3.2";
			developmentRegion = English;
			hasScannedForEncodings = 0;
			knownRegions = (
				en,
			);
			mainGroup = DF32CD39193F985B001F0DCE;
			productRefGroup = DF32CD43193F985B001F0DCE /* Products */;
			projectDirPath = "";
			projectRoot = "";
			targets = (
				DF32CD41193F985B001F0DCE /* Mission Control */,
				DF32CD61193F985B001F0DCE /* Mission ControlTests */,
			);
		};
/* End PBXProject section */

/* Begin PBXResourcesBuildPhase section */
		DF32CD40193F985B001F0DCE /* Resources */ = {
			isa = PBXResourcesBuildPhase;
			buildActionMask = 2147483647;
			files = (
				DF32CDA4193F98CF001F0DCE /* MCRootViewController.xib in Resources */,
				DF2B49731944025200E9919A /* MCActionDetailViewController.xib in Resources */,
				DF32CD52193F985B001F0DCE /* InfoPlist.strings in Resources */,
				DF32CD5D193F985B001F0DCE /* Images.xcassets in Resources */,
			);
			runOnlyForDeploymentPostprocessing = 0;
		};
		DF32CD60193F985B001F0DCE /* Resources */ = {
			isa = PBXResourcesBuildPhase;
			buildActionMask = 2147483647;
			files = (
				DF32CDA5193F98CF001F0DCE /* MCRootViewController.xib in Resources */,
				DF32CD6F193F985B001F0DCE /* InfoPlist.strings in Resources */,
				DF2B49741944025200E9919A /* MCActionDetailViewController.xib in Resources */,
			);
			runOnlyForDeploymentPostprocessing = 0;
		};
/* End PBXResourcesBuildPhase section */

/* Begin PBXSourcesBuildPhase section */
		DF32CD3E193F985B001F0DCE /* Sources */ = {
			isa = PBXSourcesBuildPhase;
			buildActionMask = 2147483647;
			files = (
				DF32CDA6193F98CF001F0DCE /* MCSettingsViewController.m in Sources */,
				DF32CDA2193F98CF001F0DCE /* MCRootViewController.m in Sources */,
				DF32CD58193F985B001F0DCE /* MCAppDelegate.m in Sources */,
				DF32CD5B193F985B001F0DCE /* Mission_Control.xcdatamodeld in Sources */,
				DF2B49711944025200E9919A /* MCActionDetailViewController.m in Sources */,
				DF32CDA0193F98CF001F0DCE /* MCActionStore.m in Sources */,
				DF32CDB019400B90001F0DCE /* CoreDataManager.m in Sources */,
				DF32CD98193F98CF001F0DCE /* MCWebServiceInterface.m in Sources */,
				DF32CDB519400CB4001F0DCE /* MCAction.m in Sources */,
				DF32CD9C193F98CF001F0DCE /* WebServiceInterface.m in Sources */,
				DF32CD9A193F98CF001F0DCE /* ConnectionManager.m in Sources */,
				DF32CD54193F985B001F0DCE /* main.m in Sources */,
				DF32CD96193F98CF001F0DCE /* FileHelper.m in Sources */,
			);
			runOnlyForDeploymentPostprocessing = 0;
		};
		DF32CD5E193F985B001F0DCE /* Sources */ = {
			isa = PBXSourcesBuildPhase;
			buildActionMask = 2147483647;
			files = (
				DF32CD71193F985B001F0DCE /* Mission_ControlTests.m in Sources */,
				DF32CDA7193F98CF001F0DCE /* MCSettingsViewController.m in Sources */,
				DF32CD9D193F98CF001F0DCE /* WebServiceInterface.m in Sources */,
				DF32CDB619400CB4001F0DCE /* MCAction.m in Sources */,
				DF32CDB119400B90001F0DCE /* CoreDataManager.m in Sources */,
				DF32CD9B193F98CF001F0DCE /* ConnectionManager.m in Sources */,
				DF32CDA3193F98CF001F0DCE /* MCRootViewController.m in Sources */,
				DF32CD97193F98CF001F0DCE /* FileHelper.m in Sources */,
				DF32CD99193F98CF001F0DCE /* MCWebServiceInterface.m in Sources */,
				DF2B49721944025200E9919A /* MCActionDetailViewController.m in Sources */,
				DF32CDA1193F98CF001F0DCE /* MCActionStore.m in Sources */,
			);
			runOnlyForDeploymentPostprocessing = 0;
		};
/* End PBXSourcesBuildPhase section */

/* Begin PBXTargetDependency section */
		DF32CD69193F985B001F0DCE /* PBXTargetDependency */ = {
			isa = PBXTargetDependency;
			target = DF32CD41193F985B001F0DCE /* Mission Control */;
			targetProxy = DF32CD68193F985B001F0DCE /* PBXContainerItemProxy */;
		};
/* End PBXTargetDependency section */

/* Begin PBXVariantGroup section */
		DF32CD50193F985B001F0DCE /* InfoPlist.strings */ = {
			isa = PBXVariantGroup;
			children = (
				DF32CD51193F985B001F0DCE /* en */,
			);
			name = InfoPlist.strings;
			sourceTree = "<group>";
		};
		DF32CD6D193F985B001F0DCE /* InfoPlist.strings */ = {
			isa = PBXVariantGroup;
			children = (
				DF32CD6E193F985B001F0DCE /* en */,
			);
			name = InfoPlist.strings;
			sourceTree = "<group>";
		};
/* End PBXVariantGroup section */

/* Begin XCBuildConfiguration section */
		DF32CD72193F985B001F0DCE /* Debug */ = {
			isa = XCBuildConfiguration;
			buildSettings = {
				ALWAYS_SEARCH_USER_PATHS = NO;
				CLANG_CXX_LANGUAGE_STANDARD = "gnu++0x";
				CLANG_CXX_LIBRARY = "libc++";
				CLANG_ENABLE_MODULES = YES;
				CLANG_ENABLE_OBJC_ARC = YES;
				CLANG_WARN_BOOL_CONVERSION = YES;
				CLANG_WARN_CONSTANT_CONVERSION = YES;
				CLANG_WARN_DIRECT_OBJC_ISA_USAGE = YES_ERROR;
				CLANG_WARN_EMPTY_BODY = YES;
				CLANG_WARN_ENUM_CONVERSION = YES;
				CLANG_WARN_INT_CONVERSION = YES;
				CLANG_WARN_OBJC_ROOT_CLASS = YES_ERROR;
				CLANG_WARN__DUPLICATE_METHOD_MATCH = YES;
				CODE_SIGN_IDENTITY = "iPhone Developer";
				"CODE_SIGN_IDENTITY[sdk=iphoneos*]" = "iPhone Developer";
				COPY_PHASE_STRIP = NO;
				GCC_C_LANGUAGE_STANDARD = gnu99;
				GCC_DYNAMIC_NO_PIC = NO;
				GCC_OPTIMIZATION_LEVEL = 0;
				GCC_PREPROCESSOR_DEFINITIONS = (
					"DEBUG=1",
					"$(inherited)",
				);
				GCC_SYMBOLS_PRIVATE_EXTERN = NO;
				GCC_WARN_64_TO_32_BIT_CONVERSION = YES;
				GCC_WARN_ABOUT_RETURN_TYPE = YES_ERROR;
				GCC_WARN_UNDECLARED_SELECTOR = YES;
				GCC_WARN_UNINITIALIZED_AUTOS = YES_AGGRESSIVE;
				GCC_WARN_UNUSED_FUNCTION = YES;
				GCC_WARN_UNUSED_VARIABLE = YES;
				IPHONEOS_DEPLOYMENT_TARGET = 7.1;
				ONLY_ACTIVE_ARCH = YES;
				SDKROOT = iphoneos;
			};
			name = Debug;
		};
		DF32CD73193F985B001F0DCE /* Release */ = {
			isa = XCBuildConfiguration;
			buildSettings = {
				ALWAYS_SEARCH_USER_PATHS = NO;
				CLANG_CXX_LANGUAGE_STANDARD = "gnu++0x";
				CLANG_CXX_LIBRARY = "libc++";
				CLANG_ENABLE_MODULES = YES;
				CLANG_ENABLE_OBJC_ARC = YES;
				CLANG_WARN_BOOL_CONVERSION = YES;
				CLANG_WARN_CONSTANT_CONVERSION = YES;
				CLANG_WARN_DIRECT_OBJC_ISA_USAGE = YES_ERROR;
				CLANG_WARN_EMPTY_BODY = YES;
				CLANG_WARN_ENUM_CONVERSION = YES;
				CLANG_WARN_INT_CONVERSION = YES;
				CLANG_WARN_OBJC_ROOT_CLASS = YES_ERROR;
				CLANG_WARN__DUPLICATE_METHOD_MATCH = YES;
				CODE_SIGN_IDENTITY = "iPhone Developer";
				"CODE_SIGN_IDENTITY[sdk=iphoneos*]" = "iPhone Developer";
				COPY_PHASE_STRIP = YES;
				ENABLE_NS_ASSERTIONS = NO;
				GCC_C_LANGUAGE_STANDARD = gnu99;
				GCC_WARN_64_TO_32_BIT_CONVERSION = YES;
				GCC_WARN_ABOUT_RETURN_TYPE = YES_ERROR;
				GCC_WARN_UNDECLARED_SELECTOR = YES;
				GCC_WARN_UNINITIALIZED_AUTOS = YES_AGGRESSIVE;
				GCC_WARN_UNUSED_FUNCTION = YES;
				GCC_WARN_UNUSED_VARIABLE = YES;
				IPHONEOS_DEPLOYMENT_TARGET = 7.1;
				SDKROOT = iphoneos;
				VALIDATE_PRODUCT = YES;
			};
			name = Release;
		};
		DF32CD75193F985B001F0DCE /* Debug */ = {
			isa = XCBuildConfiguration;
			buildSettings = {
				ASSETCATALOG_COMPILER_APPICON_NAME = AppIcon;
				ASSETCATALOG_COMPILER_LAUNCHIMAGE_NAME = LaunchImage;
				GCC_PRECOMPILE_PREFIX_HEADER = YES;
				GCC_PREFIX_HEADER = "Mission Control/Mission Control-Prefix.pch";
				INFOPLIST_FILE = "Mission Control/Mission Control-Info.plist";
				PRODUCT_NAME = "$(TARGET_NAME)";
				WRAPPER_EXTENSION = app;
			};
			name = Debug;
		};
		DF32CD76193F985B001F0DCE /* Release */ = {
			isa = XCBuildConfiguration;
			buildSettings = {
				ASSETCATALOG_COMPILER_APPICON_NAME = AppIcon;
				ASSETCATALOG_COMPILER_LAUNCHIMAGE_NAME = LaunchImage;
				GCC_PRECOMPILE_PREFIX_HEADER = YES;
				GCC_PREFIX_HEADER = "Mission Control/Mission Control-Prefix.pch";
				INFOPLIST_FILE = "Mission Control/Mission Control-Info.plist";
				PRODUCT_NAME = "$(TARGET_NAME)";
				WRAPPER_EXTENSION = app;
			};
			name = Release;
		};
		DF32CD78193F985B001F0DCE /* Debug */ = {
			isa = XCBuildConfiguration;
			buildSettings = {
				BUNDLE_LOADER = "$(BUILT_PRODUCTS_DIR)/Mission Control.app/Mission Control";
				FRAMEWORK_SEARCH_PATHS = (
					"$(SDKROOT)/Developer/Library/Frameworks",
					"$(inherited)",
					"$(DEVELOPER_FRAMEWORKS_DIR)",
				);
				GCC_PRECOMPILE_PREFIX_HEADER = YES;
				GCC_PREFIX_HEADER = "Mission Control/Mission Control-Prefix.pch";
				GCC_PREPROCESSOR_DEFINITIONS = (
					"DEBUG=1",
					"$(inherited)",
				);
				INFOPLIST_FILE = "Mission ControlTests/Mission ControlTests-Info.plist";
				PRODUCT_NAME = "$(TARGET_NAME)";
				TEST_HOST = "$(BUNDLE_LOADER)";
				WRAPPER_EXTENSION = xctest;
			};
			name = Debug;
		};
		DF32CD79193F985B001F0DCE /* Release */ = {
			isa = XCBuildConfiguration;
			buildSettings = {
				BUNDLE_LOADER = "$(BUILT_PRODUCTS_DIR)/Mission Control.app/Mission Control";
				FRAMEWORK_SEARCH_PATHS = (
					"$(SDKROOT)/Developer/Library/Frameworks",
					"$(inherited)",
					"$(DEVELOPER_FRAMEWORKS_DIR)",
				);
				GCC_PRECOMPILE_PREFIX_HEADER = YES;
				GCC_PREFIX_HEADER = "Mission Control/Mission Control-Prefix.pch";
				INFOPLIST_FILE = "Mission ControlTests/Mission ControlTests-Info.plist";
				PRODUCT_NAME = "$(TARGET_NAME)";
				TEST_HOST = "$(BUNDLE_LOADER)";
				WRAPPER_EXTENSION = xctest;
			};
			name = Release;
		};
/* End XCBuildConfiguration section */

/* Begin XCConfigurationList section */
		DF32CD3D193F985B001F0DCE /* Build configuration list for PBXProject "Mission Control" */ = {
			isa = XCConfigurationList;
			buildConfigurations = (
				DF32CD72193F985B001F0DCE /* Debug */,
				DF32CD73193F985B001F0DCE /* Release */,
			);
			defaultConfigurationIsVisible = 0;
			defaultConfigurationName = Release;
		};
		DF32CD74193F985B001F0DCE /* Build configuration list for PBXNativeTarget "Mission Control" */ = {
			isa = XCConfigurationList;
			buildConfigurations = (
				DF32CD75193F985B001F0DCE /* Debug */,
				DF32CD76193F985B001F0DCE /* Release */,
			);
			defaultConfigurationIsVisible = 0;
			defaultConfigurationName = Release;
		};
		DF32CD77193F985B001F0DCE /* Build configuration list for PBXNativeTarget "Mission ControlTests" */ = {
			isa = XCConfigurationList;
			buildConfigurations = (
				DF32CD78193F985B001F0DCE /* Debug */,
				DF32CD79193F985B001F0DCE /* Release */,
			);
			defaultConfigurationIsVisible = 0;
			defaultConfigurationName = Release;
		};
/* End XCConfigurationList section */

/* Begin XCVersionGroup section */
		DF32CD59193F985B001F0DCE /* Mission_Control.xcdatamodeld */ = {
			isa = XCVersionGroup;
			children = (
				DF32CD5A193F985B001F0DCE /* Mission_Control.xcdatamodel */,
			);
			currentVersion = DF32CD5A193F985B001F0DCE /* Mission_Control.xcdatamodel */;
			path = Mission_Control.xcdatamodeld;
			sourceTree = "<group>";
			versionGroupType = wrapper.xcdatamodel;
		};
/* End XCVersionGroup section */
	};
	rootObject = DF32CD3A193F985B001F0DCE /* Project object */;
}
